
Microsoft Visual Studio Solution File, Format Version 12.00
# Visual Studio Version 16
VisualStudioVersion = 16.0.30011.22
MinimumVisualStudioVersion = 10.0.40219.1
Project("{2150E333-8FDC-42A3-9474-1A3956D46DE8}") = "Domain", "Domain", "{7E0B45C8-9350-4EAE-9D24-8DCE5898FE38}"
EndProject
Project("{FAE04EC0-301F-11D3-BF4B-00C04F79EFBC}") = "Teste", "app\Teste\Teste.csproj", "{95F41254-8AD3-4ED0-9EF5-8054664BAEA4}"
EndProject
Project("{2150E333-8FDC-42A3-9474-1A3956D46DE8}") = "UI", "UI", "{B94ED4FB-1B25-426A-BDBA-D2DE18A2D760}"
EndProject
Project("{FAE04EC0-301F-11D3-BF4B-00C04F79EFBC}") = "Teste.WebApi", "app\Teste.WebApi\Teste.WebApi.csproj", "{07FA2A64-09E8-49B9-A904-C3D98F1D5CC5}"
EndProject
Global
	GlobalSection(SolutionConfigurationPlatforms) = preSolution
		Debug|Any CPU = Debug|Any CPU
		Release|Any CPU = Release|Any CPU
	EndGlobalSection
	GlobalSection(ProjectConfigurationPlatforms) = postSolution
		{95F41254-8AD3-4ED0-9EF5-8054664BAEA4}.Debug|Any CPU.ActiveCfg = Debug|Any CPU
		{95F41254-8AD3-4ED0-9EF5-8054664BAEA4}.Debug|Any CPU.Build.0 = Debug|Any CPU
		{95F41254-8AD3-4ED0-9EF5-8054664BAEA4}.Release|Any CPU.ActiveCfg = Release|Any CPU
		{95F41254-8AD3-4ED0-9EF5-8054664BAEA4}.Release|Any CPU.Build.0 = Release|Any CPU
		{07FA2A64-09E8-49B9-A904-C3D98F1D5CC5}.Debug|Any CPU.ActiveCfg = Debug|Any CPU
		{07FA2A64-09E8-49B9-A904-C3D98F1D5CC5}.Debug|Any CPU.Build.0 = Debug|Any CPU
		{07FA2A64-09E8-49B9-A904-C3D98F1D5CC5}.Release|Any CPU.ActiveCfg = Release|Any CPU
		{07FA2A64-09E8-49B9-A904-C3D98F1D5CC5}.Release|Any CPU.Build.0 = Release|Any CPU
	EndGlobalSection
	GlobalSection(SolutionProperties) = preSolution
		HideSolutionNode = FALSE
	EndGlobalSection
	GlobalSection(NestedProjects) = preSolution
		{95F41254-8AD3-4ED0-9EF5-8054664BAEA4} = {7E0B45C8-9350-4EAE-9D24-8DCE5898FE38}
		{07FA2A64-09E8-49B9-A904-C3D98F1D5CC5} = {B94ED4FB-1B25-426A-BDBA-D2DE18A2D760}
	EndGlobalSection
	GlobalSection(ExtensibilityGlobals) = postSolution
		SolutionGuid = {F101D51E-F556-46A3-812E-17B191E44DDD}
	EndGlobalSection
EndGlobal
